// !$*UTF8*$!
{
	archiveVersion = 1;
	classes = {
	};
	objectVersion = 77;
	objects = {

/* Begin PBXBuildFile section */
		8D45AFC12E2A2D1B001409F0 /* FirebaseFirestore in Frameworks */ = {isa = PBXBuildFile; productRef = 8D45AFC02E2A2D1B001409F0 /* FirebaseFirestore */; };
		8D45AFC32E2A2D25001409F0 /* FirebaseCore in Frameworks */ = {isa = PBXBuildFile; productRef = 8D45AFC22E2A2D25001409F0 /* FirebaseCore */; };
		8D45AFC52E2A2D4C001409F0 /* FirebaseAuth in Frameworks */ = {isa = PBXBuildFile; productRef = 8D45AFC42E2A2D4C001409F0 /* FirebaseAuth */; };
		8D45B35E2E376DB7001409F0 /* Storage in Frameworks */ = {isa = PBXBuildFile; productRef = 8D45B35D2E376DB7001409F0 /* Storage */; };
		8D45B3602E376EA1001409F0 /* Supabase in Frameworks */ = {isa = PBXBuildFile; productRef = 8D45B35F2E376EA1001409F0 /* Supabase */; };
/* End PBXBuildFile section */

/* Begin PBXContainerItemProxy section */
		8D9C89B02E24AC0500E8EF25 /* PBXContainerItemProxy */ = {
			isa = PBXContainerItemProxy;
			containerPortal = 8D9C89912E24AC0300E8EF25 /* Project object */;
			proxyType = 1;
			remoteGlobalIDString = 8D9C89982E24AC0300E8EF25;
			remoteInfo = TalknLike;
		};
		8D9C89BA2E24AC0500E8EF25 /* PBXContainerItemProxy */ = {
			isa = PBXContainerItemProxy;
			containerPortal = 8D9C89912E24AC0300E8EF25 /* Project object */;
			proxyType = 1;
			remoteGlobalIDString = 8D9C89982E24AC0300E8EF25;
			remoteInfo = TalknLike;
		};
/* End PBXContainerItemProxy section */

/* Begin PBXFileReference section */
		8D9C89992E24AC0300E8EF25 /* TalknLike.app */ = {isa = PBXFileReference; explicitFileType = wrapper.application; includeInIndex = 0; path = TalknLike.app; sourceTree = BUILT_PRODUCTS_DIR; };
		8D9C89AF2E24AC0500E8EF25 /* TalknLikeTests.xctest */ = {isa = PBXFileReference; explicitFileType = wrapper.cfbundle; includeInIndex = 0; path = TalknLikeTests.xctest; sourceTree = BUILT_PRODUCTS_DIR; };
		8D9C89B92E24AC0500E8EF25 /* TalknLikeUITests.xctest */ = {isa = PBXFileReference; explicitFileType = wrapper.cfbundle; includeInIndex = 0; path = TalknLikeUITests.xctest; sourceTree = BUILT_PRODUCTS_DIR; };
/* End PBXFileReference section */

/* Begin PBXFileSystemSynchronizedBuildFileExceptionSet section */
		8D9C89C12E24AC0500E8EF25 /* Exceptions for "TalknLike" folder in "TalknLike" target */ = {
			isa = PBXFileSystemSynchronizedBuildFileExceptionSet;
			membershipExceptions = (
				Info.plist,
			);
			target = 8D9C89982E24AC0300E8EF25 /* TalknLike */;
		};
/* End PBXFileSystemSynchronizedBuildFileExceptionSet section */

/* Begin PBXFileSystemSynchronizedRootGroup section */
		8D9C899B2E24AC0300E8EF25 /* TalknLike */ = {
			isa = PBXFileSystemSynchronizedRootGroup;
			exceptions = (
				8D9C89C12E24AC0500E8EF25 /* Exceptions for "TalknLike" folder in "TalknLike" target */,
			);
			path = TalknLike;
			sourceTree = "<group>";
		};
		8D9C89B22E24AC0500E8EF25 /* TalknLikeTests */ = {
			isa = PBXFileSystemSynchronizedRootGroup;
			path = TalknLikeTests;
			sourceTree = "<group>";
		};
		8D9C89BC2E24AC0500E8EF25 /* TalknLikeUITests */ = {
			isa = PBXFileSystemSynchronizedRootGroup;
			path = TalknLikeUITests;
			sourceTree = "<group>";
		};
/* End PBXFileSystemSynchronizedRootGroup section */

/* Begin PBXFrameworksBuildPhase section */
		8D9C89962E24AC0300E8EF25 /* Frameworks */ = {
			isa = PBXFrameworksBuildPhase;
			buildActionMask = 2147483647;
			files = (
				8D45B3602E376EA1001409F0 /* Supabase in Frameworks */,
				8D45B35E2E376DB7001409F0 /* Storage in Frameworks */,
				8D45AFC32E2A2D25001409F0 /* FirebaseCore in Frameworks */,
				8D45AFC12E2A2D1B001409F0 /* FirebaseFirestore in Frameworks */,
				8D45AFC52E2A2D4C001409F0 /* FirebaseAuth in Frameworks */,
			);
			runOnlyForDeploymentPostprocessing = 0;
		};
		8D9C89AC2E24AC0500E8EF25 /* Frameworks */ = {
			isa = PBXFrameworksBuildPhase;
			buildActionMask = 2147483647;
			files = (
			);
			runOnlyForDeploymentPostprocessing = 0;
		};
		8D9C89B62E24AC0500E8EF25 /* Frameworks */ = {
			isa = PBXFrameworksBuildPhase;
			buildActionMask = 2147483647;
			files = (
			);
			runOnlyForDeploymentPostprocessing = 0;
		};
/* End PBXFrameworksBuildPhase section */

/* Begin PBXGroup section */
		8D45AFBF2E2A2D1B001409F0 /* Frameworks */ = {
			isa = PBXGroup;
			children = (
			);
			name = Frameworks;
			sourceTree = "<group>";
		};
		8D9C89902E24AC0300E8EF25 = {
			isa = PBXGroup;
			children = (
				8D9C899B2E24AC0300E8EF25 /* TalknLike */,
				8D9C89B22E24AC0500E8EF25 /* TalknLikeTests */,
				8D9C89BC2E24AC0500E8EF25 /* TalknLikeUITests */,
				8D45AFBF2E2A2D1B001409F0 /* Frameworks */,
				8D9C899A2E24AC0300E8EF25 /* Products */,
			);
			sourceTree = "<group>";
		};
		8D9C899A2E24AC0300E8EF25 /* Products */ = {
			isa = PBXGroup;
			children = (
				8D9C89992E24AC0300E8EF25 /* TalknLike.app */,
				8D9C89AF2E24AC0500E8EF25 /* TalknLikeTests.xctest */,
				8D9C89B92E24AC0500E8EF25 /* TalknLikeUITests.xctest */,
			);
			name = Products;
			sourceTree = "<group>";
		};
/* End PBXGroup section */

/* Begin PBXNativeTarget section */
		8D9C89982E24AC0300E8EF25 /* TalknLike */ = {
			isa = PBXNativeTarget;
			buildConfigurationList = 8D9C89C22E24AC0500E8EF25 /* Build configuration list for PBXNativeTarget "TalknLike" */;
			buildPhases = (
				8D9C89952E24AC0300E8EF25 /* Sources */,
				8D9C89962E24AC0300E8EF25 /* Frameworks */,
				8D9C89972E24AC0300E8EF25 /* Resources */,
			);
			buildRules = (
			);
			dependencies = (
			);
			fileSystemSynchronizedGroups = (
				8D9C899B2E24AC0300E8EF25 /* TalknLike */,
			);
			name = TalknLike;
			packageProductDependencies = (
				8D45AFC02E2A2D1B001409F0 /* FirebaseFirestore */,
				8D45AFC22E2A2D25001409F0 /* FirebaseCore */,
				8D45AFC42E2A2D4C001409F0 /* FirebaseAuth */,
				8D45B35D2E376DB7001409F0 /* Storage */,
				8D45B35F2E376EA1001409F0 /* Supabase */,
			);
			productName = TalknLike;
			productReference = 8D9C89992E24AC0300E8EF25 /* TalknLike.app */;
			productType = "com.apple.product-type.application";
		};
		8D9C89AE2E24AC0500E8EF25 /* TalknLikeTests */ = {
			isa = PBXNativeTarget;
			buildConfigurationList = 8D9C89C72E24AC0500E8EF25 /* Build configuration list for PBXNativeTarget "TalknLikeTests" */;
			buildPhases = (
				8D9C89AB2E24AC0500E8EF25 /* Sources */,
				8D9C89AC2E24AC0500E8EF25 /* Frameworks */,
				8D9C89AD2E24AC0500E8EF25 /* Resources */,
			);
			buildRules = (
			);
			dependencies = (
				8D9C89B12E24AC0500E8EF25 /* PBXTargetDependency */,
			);
			fileSystemSynchronizedGroups = (
				8D9C89B22E24AC0500E8EF25 /* TalknLikeTests */,
			);
			name = TalknLikeTests;
			packageProductDependencies = (
			);
			productName = TalknLikeTests;
			productReference = 8D9C89AF2E24AC0500E8EF25 /* TalknLikeTests.xctest */;
			productType = "com.apple.product-type.bundle.unit-test";
		};
		8D9C89B82E24AC0500E8EF25 /* TalknLikeUITests */ = {
			isa = PBXNativeTarget;
			buildConfigurationList = 8D9C89CA2E24AC0500E8EF25 /* Build configuration list for PBXNativeTarget "TalknLikeUITests" */;
			buildPhases = (
				8D9C89B52E24AC0500E8EF25 /* Sources */,
				8D9C89B62E24AC0500E8EF25 /* Frameworks */,
				8D9C89B72E24AC0500E8EF25 /* Resources */,
			);
			buildRules = (
			);
			dependencies = (
				8D9C89BB2E24AC0500E8EF25 /* PBXTargetDependency */,
			);
			fileSystemSynchronizedGroups = (
				8D9C89BC2E24AC0500E8EF25 /* TalknLikeUITests */,
			);
			name = TalknLikeUITests;
			packageProductDependencies = (
			);
			productName = TalknLikeUITests;
			productReference = 8D9C89B92E24AC0500E8EF25 /* TalknLikeUITests.xctest */;
			productType = "com.apple.product-type.bundle.ui-testing";
		};
/* End PBXNativeTarget section */

/* Begin PBXProject section */
		8D9C89912E24AC0300E8EF25 /* Project object */ = {
			isa = PBXProject;
			attributes = {
				BuildIndependentTargetsInParallel = 1;
				LastSwiftUpdateCheck = 1640;
				LastUpgradeCheck = 1640;
				TargetAttributes = {
					8D9C89982E24AC0300E8EF25 = {
						CreatedOnToolsVersion = 16.4;
					};
					8D9C89AE2E24AC0500E8EF25 = {
						CreatedOnToolsVersion = 16.4;
						TestTargetID = 8D9C89982E24AC0300E8EF25;
					};
					8D9C89B82E24AC0500E8EF25 = {
						CreatedOnToolsVersion = 16.4;
						TestTargetID = 8D9C89982E24AC0300E8EF25;
					};
				};
			};
			buildConfigurationList = 8D9C89942E24AC0300E8EF25 /* Build configuration list for PBXProject "TalknLike" */;
			developmentRegion = en;
			hasScannedForEncodings = 0;
			knownRegions = (
				en,
				Base,
			);
			mainGroup = 8D9C89902E24AC0300E8EF25;
			minimizedProjectReferenceProxies = 1;
			packageReferences = (
				8D7BA88B2E274274002D9003 /* XCRemoteSwiftPackageReference "firebase-ios-sdk" */,
				8D45B35C2E376DB7001409F0 /* XCRemoteSwiftPackageReference "supabase-swift" */,
			);
			preferredProjectObjectVersion = 77;
			productRefGroup = 8D9C899A2E24AC0300E8EF25 /* Products */;
			projectDirPath = "";
			projectRoot = "";
			targets = (
				8D9C89982E24AC0300E8EF25 /* TalknLike */,
				8D9C89AE2E24AC0500E8EF25 /* TalknLikeTests */,
				8D9C89B82E24AC0500E8EF25 /* TalknLikeUITests */,
			);
		};
/* End PBXProject section */

/* Begin PBXResourcesBuildPhase section */
		8D9C89972E24AC0300E8EF25 /* Resources */ = {
			isa = PBXResourcesBuildPhase;
			buildActionMask = 2147483647;
			files = (
			);
			runOnlyForDeploymentPostprocessing = 0;
		};
		8D9C89AD2E24AC0500E8EF25 /* Resources */ = {
			isa = PBXResourcesBuildPhase;
			buildActionMask = 2147483647;
			files = (
			);
			runOnlyForDeploymentPostprocessing = 0;
		};
		8D9C89B72E24AC0500E8EF25 /* Resources */ = {
			isa = PBXResourcesBuildPhase;
			buildActionMask = 2147483647;
			files = (
			);
			runOnlyForDeploymentPostprocessing = 0;
		};
/* End PBXResourcesBuildPhase section */

/* Begin PBXSourcesBuildPhase section */
		8D9C89952E24AC0300E8EF25 /* Sources */ = {
			isa = PBXSourcesBuildPhase;
			buildActionMask = 2147483647;
			files = (
			);
			runOnlyForDeploymentPostprocessing = 0;
		};
		8D9C89AB2E24AC0500E8EF25 /* Sources */ = {
			isa = PBXSourcesBuildPhase;
			buildActionMask = 2147483647;
			files = (
			);
			runOnlyForDeploymentPostprocessing = 0;
		};
		8D9C89B52E24AC0500E8EF25 /* Sources */ = {
			isa = PBXSourcesBuildPhase;
			buildActionMask = 2147483647;
			files = (
			);
			runOnlyForDeploymentPostprocessing = 0;
		};
/* End PBXSourcesBuildPhase section */

/* Begin PBXTargetDependency section */
		8D9C89B12E24AC0500E8EF25 /* PBXTargetDependency */ = {
			isa = PBXTargetDependency;
			target = 8D9C89982E24AC0300E8EF25 /* TalknLike */;
			targetProxy = 8D9C89B02E24AC0500E8EF25 /* PBXContainerItemProxy */;
		};
		8D9C89BB2E24AC0500E8EF25 /* PBXTargetDependency */ = {
			isa = PBXTargetDependency;
			target = 8D9C89982E24AC0300E8EF25 /* TalknLike */;
			targetProxy = 8D9C89BA2E24AC0500E8EF25 /* PBXContainerItemProxy */;
		};
/* End PBXTargetDependency section */

/* Begin XCBuildConfiguration section */
		8D9C89C32E24AC0500E8EF25 /* Debug */ = {
			isa = XCBuildConfiguration;
			buildSettings = {
				ASSETCATALOG_COMPILER_APPICON_NAME = AppIcon;
				ASSETCATALOG_COMPILER_GLOBAL_ACCENT_COLOR_NAME = AccentColor;
				CODE_SIGN_STYLE = Automatic;
				CURRENT_PROJECT_VERSION = 1;
				DEVELOPMENT_TEAM = AHSPS7954T;
				GENERATE_INFOPLIST_FILE = YES;
				INFOPLIST_FILE = TalknLike/Info.plist;
				INFOPLIST_KEY_UIApplicationSupportsIndirectInputEvents = YES;
				INFOPLIST_KEY_UILaunchStoryboardName = LaunchScreen;
				INFOPLIST_KEY_UISupportedInterfaceOrientations_iPad = "UIInterfaceOrientationPortrait UIInterfaceOrientationPortraitUpsideDown UIInterfaceOrientationLandscapeLeft UIInterfaceOrientationLandscapeRight";
				INFOPLIST_KEY_UISupportedInterfaceOrientations_iPhone = "UIInterfaceOrientationPortrait UIInterfaceOrientationLandscapeLeft UIInterfaceOrientationLandscapeRight";
				LD_RUNPATH_SEARCH_PATHS = (
					"$(inherited)",
					"@executable_path/Frameworks",
				);
				MARKETING_VERSION = 1.0;
				PRODUCT_BUNDLE_IDENTIFIER = sangsoo.TalknLike;
				PRODUCT_NAME = "$(TARGET_NAME)";
				SWIFT_EMIT_LOC_STRINGS = YES;
				SWIFT_VERSION = 5.0;
				TARGETED_DEVICE_FAMILY = "1,2";
			};
			name = Debug;
		};
		8D9C89C42E24AC0500E8EF25 /* Release */ = {
			isa = XCBuildConfiguration;
			buildSettings = {
				ASSETCATALOG_COMPILER_APPICON_NAME = AppIcon;
				ASSETCATALOG_COMPILER_GLOBAL_ACCENT_COLOR_NAME = AccentColor;
				CODE_SIGN_STYLE = Automatic;
				CURRENT_PROJECT_VERSION = 1;
				DEVELOPMENT_TEAM = AHSPS7954T;
				GENERATE_INFOPLIST_FILE = YES;
				INFOPLIST_FILE = TalknLike/Info.plist;
				INFOPLIST_KEY_UIApplicationSupportsIndirectInputEvents = YES;
				INFOPLIST_KEY_UILaunchStoryboardName = LaunchScreen;
				INFOPLIST_KEY_UISupportedInterfaceOrientations_iPad = "UIInterfaceOrientationPortrait UIInterfaceOrientationPortraitUpsideDown UIInterfaceOrientationLandscapeLeft UIInterfaceOrientationLandscapeRight";
				INFOPLIST_KEY_UISupportedInterfaceOrientations_iPhone = "UIInterfaceOrientationPortrait UIInterfaceOrientationLandscapeLeft UIInterfaceOrientationLandscapeRight";
				LD_RUNPATH_SEARCH_PATHS = (
					"$(inherited)",
					"@executable_path/Frameworks",
				);
				MARKETING_VERSION = 1.0;
				PRODUCT_BUNDLE_IDENTIFIER = sangsoo.TalknLike;
				PRODUCT_NAME = "$(TARGET_NAME)";
				SWIFT_EMIT_LOC_STRINGS = YES;
				SWIFT_VERSION = 5.0;
				TARGETED_DEVICE_FAMILY = "1,2";
			};
			name = Release;
		};
		8D9C89C52E24AC0500E8EF25 /* Debug */ = {
			isa = XCBuildConfiguration;
			buildSettings = {
				ALWAYS_SEARCH_USER_PATHS = NO;
				ASSETCATALOG_COMPILER_GENERATE_SWIFT_ASSET_SYMBOL_EXTENSIONS = YES;
				CLANG_ANALYZER_NONNULL = YES;
				CLANG_ANALYZER_NUMBER_OBJECT_CONVERSION = YES_AGGRESSIVE;
				CLANG_CXX_LANGUAGE_STANDARD = "gnu++20";
				CLANG_ENABLE_MODULES = YES;
				CLANG_ENABLE_OBJC_ARC = YES;
				CLANG_ENABLE_OBJC_WEAK = YES;
				CLANG_WARN_BLOCK_CAPTURE_AUTORELEASING = YES;
				CLANG_WARN_BOOL_CONVERSION = YES;
				CLANG_WARN_COMMA = YES;
				CLANG_WARN_CONSTANT_CONVERSION = YES;
				CLANG_WARN_DEPRECATED_OBJC_IMPLEMENTATIONS = YES;
				CLANG_WARN_DIRECT_OBJC_ISA_USAGE = YES_ERROR;
				CLANG_WARN_DOCUMENTATION_COMMENTS = YES;
				CLANG_WARN_EMPTY_BODY = YES;
				CLANG_WARN_ENUM_CONVERSION = YES;
				CLANG_WARN_INFINITE_RECURSION = YES;
				CLANG_WARN_INT_CONVERSION = YES;
				CLANG_WARN_NON_LITERAL_NULL_CONVERSION = YES;
				CLANG_WARN_OBJC_IMPLICIT_RETAIN_SELF = YES;
				CLANG_WARN_OBJC_LITERAL_CONVERSION = YES;
				CLANG_WARN_OBJC_ROOT_CLASS = YES_ERROR;
				CLANG_WARN_QUOTED_INCLUDE_IN_FRAMEWORK_HEADER = YES;
				CLANG_WARN_RANGE_LOOP_ANALYSIS = YES;
				CLANG_WARN_STRICT_PROTOTYPES = YES;
				CLANG_WARN_SUSPICIOUS_MOVE = YES;
				CLANG_WARN_UNGUARDED_AVAILABILITY = YES_AGGRESSIVE;
				CLANG_WARN_UNREACHABLE_CODE = YES;
				CLANG_WARN__DUPLICATE_METHOD_MATCH = YES;
				COPY_PHASE_STRIP = NO;
				DEBUG_INFORMATION_FORMAT = dwarf;
				DEVELOPMENT_TEAM = AHSPS7954T;
				ENABLE_STRICT_OBJC_MSGSEND = YES;
				ENABLE_TESTABILITY = YES;
				ENABLE_USER_SCRIPT_SANDBOXING = YES;
				GCC_C_LANGUAGE_STANDARD = gnu17;
				GCC_DYNAMIC_NO_PIC = NO;
				GCC_NO_COMMON_BLOCKS = YES;
				GCC_OPTIMIZATION_LEVEL = 0;
				GCC_PREPROCESSOR_DEFINITIONS = (
					"DEBUG=1",
					"$(inherited)",
				);
				GCC_WARN_64_TO_32_BIT_CONVERSION = YES;
				GCC_WARN_ABOUT_RETURN_TYPE = YES_ERROR;
				GCC_WARN_UNDECLARED_SELECTOR = YES;
				GCC_WARN_UNINITIALIZED_AUTOS = YES_AGGRESSIVE;
				GCC_WARN_UNUSED_FUNCTION = YES;
				GCC_WARN_UNUSED_VARIABLE = YES;
				IPHONEOS_DEPLOYMENT_TARGET = 18.5;
				LOCALIZATION_PREFERS_STRING_CATALOGS = YES;
				MTL_ENABLE_DEBUG_INFO = INCLUDE_SOURCE;
				MTL_FAST_MATH = YES;
				ONLY_ACTIVE_ARCH = YES;
				SDKROOT = iphoneos;
				SWIFT_ACTIVE_COMPILATION_CONDITIONS = "DEBUG $(inherited)";
				SWIFT_OPTIMIZATION_LEVEL = "-Onone";
			};
			name = Debug;
		};
		8D9C89C62E24AC0500E8EF25 /* Release */ = {
			isa = XCBuildConfiguration;
			buildSettings = {
				ALWAYS_SEARCH_USER_PATHS = NO;
				ASSETCATALOG_COMPILER_GENERATE_SWIFT_ASSET_SYMBOL_EXTENSIONS = YES;
				CLANG_ANALYZER_NONNULL = YES;
				CLANG_ANALYZER_NUMBER_OBJECT_CONVERSION = YES_AGGRESSIVE;
				CLANG_CXX_LANGUAGE_STANDARD = "gnu++20";
				CLANG_ENABLE_MODULES = YES;
				CLANG_ENABLE_OBJC_ARC = YES;
				CLANG_ENABLE_OBJC_WEAK = YES;
				CLANG_WARN_BLOCK_CAPTURE_AUTORELEASING = YES;
				CLANG_WARN_BOOL_CONVERSION = YES;
				CLANG_WARN_COMMA = YES;
				CLANG_WARN_CONSTANT_CONVERSION = YES;
				CLANG_WARN_DEPRECATED_OBJC_IMPLEMENTATIONS = YES;
				CLANG_WARN_DIRECT_OBJC_ISA_USAGE = YES_ERROR;
				CLANG_WARN_DOCUMENTATION_COMMENTS = YES;
				CLANG_WARN_EMPTY_BODY = YES;
				CLANG_WARN_ENUM_CONVERSION = YES;
				CLANG_WARN_INFINITE_RECURSION = YES;
				CLANG_WARN_INT_CONVERSION = YES;
				CLANG_WARN_NON_LITERAL_NULL_CONVERSION = YES;
				CLANG_WARN_OBJC_IMPLICIT_RETAIN_SELF = YES;
				CLANG_WARN_OBJC_LITERAL_CONVERSION = YES;
				CLANG_WARN_OBJC_ROOT_CLASS = YES_ERROR;
				CLANG_WARN_QUOTED_INCLUDE_IN_FRAMEWORK_HEADER = YES;
				CLANG_WARN_RANGE_LOOP_ANALYSIS = YES;
				CLANG_WARN_STRICT_PROTOTYPES = YES;
				CLANG_WARN_SUSPICIOUS_MOVE = YES;
				CLANG_WARN_UNGUARDED_AVAILABILITY = YES_AGGRESSIVE;
				CLANG_WARN_UNREACHABLE_CODE = YES;
				CLANG_WARN__DUPLICATE_METHOD_MATCH = YES;
				COPY_PHASE_STRIP = NO;
				DEBUG_INFORMATION_FORMAT = "dwarf-with-dsym";
				DEVELOPMENT_TEAM = AHSPS7954T;
				ENABLE_NS_ASSERTIONS = NO;
				ENABLE_STRICT_OBJC_MSGSEND = YES;
				ENABLE_USER_SCRIPT_SANDBOXING = YES;
				GCC_C_LANGUAGE_STANDARD = gnu17;
				GCC_NO_COMMON_BLOCKS = YES;
				GCC_WARN_64_TO_32_BIT_CONVERSION = YES;
				GCC_WARN_ABOUT_RETURN_TYPE = YES_ERROR;
				GCC_WARN_UNDECLARED_SELECTOR = YES;
				GCC_WARN_UNINITIALIZED_AUTOS = YES_AGGRESSIVE;
				GCC_WARN_UNUSED_FUNCTION = YES;
				GCC_WARN_UNUSED_VARIABLE = YES;
				IPHONEOS_DEPLOYMENT_TARGET = 18.5;
				LOCALIZATION_PREFERS_STRING_CATALOGS = YES;
				MTL_ENABLE_DEBUG_INFO = NO;
				MTL_FAST_MATH = YES;
				SDKROOT = iphoneos;
				SWIFT_COMPILATION_MODE = wholemodule;
				VALIDATE_PRODUCT = YES;
			};
			name = Release;
		};
		8D9C89C82E24AC0500E8EF25 /* Debug */ = {
			isa = XCBuildConfiguration;
			buildSettings = {
				BUNDLE_LOADER = "$(TEST_HOST)";
				CODE_SIGN_STYLE = Automatic;
				CURRENT_PROJECT_VERSION = 1;
				DEVELOPMENT_TEAM = AHSPS7954T;
				GENERATE_INFOPLIST_FILE = YES;
				IPHONEOS_DEPLOYMENT_TARGET = 18.5;
				MARKETING_VERSION = 1.0;
				PRODUCT_BUNDLE_IDENTIFIER = sangsoo.TalknLikeTests;
				PRODUCT_NAME = "$(TARGET_NAME)";
				SWIFT_EMIT_LOC_STRINGS = NO;
				SWIFT_VERSION = 5.0;
				TARGETED_DEVICE_FAMILY = "1,2";
				TEST_HOST = "$(BUILT_PRODUCTS_DIR)/TalknLike.app/$(BUNDLE_EXECUTABLE_FOLDER_PATH)/TalknLike";
			};
			name = Debug;
		};
		8D9C89C92E24AC0500E8EF25 /* Release */ = {
			isa = XCBuildConfiguration;
			buildSettings = {
				BUNDLE_LOADER = "$(TEST_HOST)";
				CODE_SIGN_STYLE = Automatic;
				CURRENT_PROJECT_VERSION = 1;
				DEVELOPMENT_TEAM = AHSPS7954T;
				GENERATE_INFOPLIST_FILE = YES;
				IPHONEOS_DEPLOYMENT_TARGET = 18.5;
				MARKETING_VERSION = 1.0;
				PRODUCT_BUNDLE_IDENTIFIER = sangsoo.TalknLikeTests;
				PRODUCT_NAME = "$(TARGET_NAME)";
				SWIFT_EMIT_LOC_STRINGS = NO;
				SWIFT_VERSION = 5.0;
				TARGETED_DEVICE_FAMILY = "1,2";
				TEST_HOST = "$(BUILT_PRODUCTS_DIR)/TalknLike.app/$(BUNDLE_EXECUTABLE_FOLDER_PATH)/TalknLike";
			};
			name = Release;
		};
		8D9C89CB2E24AC0500E8EF25 /* Debug */ = {
			isa = XCBuildConfiguration;
			buildSettings = {
				CODE_SIGN_STYLE = Automatic;
				CURRENT_PROJECT_VERSION = 1;
				DEVELOPMENT_TEAM = AHSPS7954T;
				GENERATE_INFOPLIST_FILE = YES;
				MARKETING_VERSION = 1.0;
				PRODUCT_BUNDLE_IDENTIFIER = sangsoo.TalknLikeUITests;
				PRODUCT_NAME = "$(TARGET_NAME)";
				SWIFT_EMIT_LOC_STRINGS = NO;
				SWIFT_VERSION = 5.0;
				TARGETED_DEVICE_FAMILY = "1,2";
				TEST_TARGET_NAME = TalknLike;
			};
			name = Debug;
		};
		8D9C89CC2E24AC0500E8EF25 /* Release */ = {
			isa = XCBuildConfiguration;
			buildSettings = {
				CODE_SIGN_STYLE = Automatic;
				CURRENT_PROJECT_VERSION = 1;
				DEVELOPMENT_TEAM = AHSPS7954T;
				GENERATE_INFOPLIST_FILE = YES;
				MARKETING_VERSION = 1.0;
				PRODUCT_BUNDLE_IDENTIFIER = sangsoo.TalknLikeUITests;
				PRODUCT_NAME = "$(TARGET_NAME)";
				SWIFT_EMIT_LOC_STRINGS = NO;
				SWIFT_VERSION = 5.0;
				TARGETED_DEVICE_FAMILY = "1,2";
				TEST_TARGET_NAME = TalknLike;
			};
			name = Release;
		};
/* End XCBuildConfiguration section */

/* Begin XCConfigurationList section */
		8D9C89942E24AC0300E8EF25 /* Build configuration list for PBXProject "TalknLike" */ = {
			isa = XCConfigurationList;
			buildConfigurations = (
				8D9C89C52E24AC0500E8EF25 /* Debug */,
				8D9C89C62E24AC0500E8EF25 /* Release */,
			);
			defaultConfigurationIsVisible = 0;
			defaultConfigurationName = Release;
		};
		8D9C89C22E24AC0500E8EF25 /* Build configuration list for PBXNativeTarget "TalknLike" */ = {
			isa = XCConfigurationList;
			buildConfigurations = (
				8D9C89C32E24AC0500E8EF25 /* Debug */,
				8D9C89C42E24AC0500E8EF25 /* Release */,
			);
			defaultConfigurationIsVisible = 0;
			defaultConfigurationName = Release;
		};
		8D9C89C72E24AC0500E8EF25 /* Build configuration list for PBXNativeTarget "TalknLikeTests" */ = {
			isa = XCConfigurationList;
			buildConfigurations = (
				8D9C89C82E24AC0500E8EF25 /* Debug */,
				8D9C89C92E24AC0500E8EF25 /* Release */,
			);
			defaultConfigurationIsVisible = 0;
			defaultConfigurationName = Release;
		};
		8D9C89CA2E24AC0500E8EF25 /* Build configuration list for PBXNativeTarget "TalknLikeUITests" */ = {
			isa = XCConfigurationList;
			buildConfigurations = (
				8D9C89CB2E24AC0500E8EF25 /* Debug */,
				8D9C89CC2E24AC0500E8EF25 /* Release */,
			);
			defaultConfigurationIsVisible = 0;
			defaultConfigurationName = Release;
		};
/* End XCConfigurationList section */

/* Begin XCRemoteSwiftPackageReference section */
		8D45B35C2E376DB7001409F0 /* XCRemoteSwiftPackageReference "supabase-swift" */ = {
			isa = XCRemoteSwiftPackageReference;
			repositoryURL = "https://github.com/supabase-community/supabase-swift";
			requirement = {
				kind = upToNextMajorVersion;
				minimumVersion = 2.5.1;
			};
		};
		8D7BA88B2E274274002D9003 /* XCRemoteSwiftPackageReference "firebase-ios-sdk" */ = {
			isa = XCRemoteSwiftPackageReference;
			repositoryURL = "https://github.com/firebase/firebase-ios-sdk";
			requirement = {
				kind = upToNextMajorVersion;
				minimumVersion = 12.0.0;
			};
		};
/* End XCRemoteSwiftPackageReference section */

/* Begin XCSwiftPackageProductDependency section */
		8D45AFC02E2A2D1B001409F0 /* FirebaseFirestore */ = {
			isa = XCSwiftPackageProductDependency;
			package = 8D7BA88B2E274274002D9003 /* XCRemoteSwiftPackageReference "firebase-ios-sdk" */;
			productName = FirebaseFirestore;
		};
		8D45AFC22E2A2D25001409F0 /* FirebaseCore */ = {
			isa = XCSwiftPackageProductDependency;
			package = 8D7BA88B2E274274002D9003 /* XCRemoteSwiftPackageReference "firebase-ios-sdk" */;
			productName = FirebaseCore;
		};
		8D45AFC42E2A2D4C001409F0 /* FirebaseAuth */ = {
			isa = XCSwiftPackageProductDependency;
			package = 8D7BA88B2E274274002D9003 /* XCRemoteSwiftPackageReference "firebase-ios-sdk" */;
			productName = FirebaseAuth;
		};
		8D45B35D2E376DB7001409F0 /* Storage */ = {
			isa = XCSwiftPackageProductDependency;
			package = 8D45B35C2E376DB7001409F0 /* XCRemoteSwiftPackageReference "supabase-swift" */;
			productName = Storage;
		};
		8D45B35F2E376EA1001409F0 /* Supabase */ = {
			isa = XCSwiftPackageProductDependency;
			package = 8D45B35C2E376DB7001409F0 /* XCRemoteSwiftPackageReference "supabase-swift" */;
			productName = Supabase;
		};
/* End XCSwiftPackageProductDependency section */
	};
	rootObject = 8D9C89912E24AC0300E8EF25 /* Project object */;
}
